
Microsoft Visual Studio Solution File, Format Version 12.00
# Visual Studio Version 16
VisualStudioVersion = 16.0.29418.71
MinimumVisualStudioVersion = 10.0.40219.1
Project("{FAE04EC0-301F-11D3-BF4B-00C04F79EFBC}") = "Onboarding", "Onboarding\Onboarding.csproj", "{EA66411F-BBEC-4B13-8650-F278CDDAF43A}"
EndProject
Global
	GlobalSection(SolutionConfigurationPlatforms) = preSolution
		Debug|Any CPU = Debug|Any CPU
		Release|Any CPU = Release|Any CPU
	EndGlobalSection
	GlobalSection(ProjectConfigurationPlatforms) = postSolution
		{EA66411F-BBEC-4B13-8650-F278CDDAF43A}.Debug|Any CPU.ActiveCfg = Debug|Any CPU
		{EA66411F-BBEC-4B13-8650-F278CDDAF43A}.Debug|Any CPU.Build.0 = Debug|Any CPU
		{EA66411F-BBEC-4B13-8650-F278CDDAF43A}.Release|Any CPU.ActiveCfg = Release|Any CPU
		{EA66411F-BBEC-4B13-8650-F278CDDAF43A}.Release|Any CPU.Build.0 = Release|Any CPU
	EndGlobalSection
	GlobalSection(SolutionProperties) = preSolution
		HideSolutionNode = FALSE
	EndGlobalSection
	GlobalSection(ExtensibilityGlobals) = postSolution
		SolutionGuid = {9308B2E3-1DBC-4A72-A7D8-00C614774634}
	EndGlobalSection
EndGlobal
